// !$*UTF8*$!
{
	archiveVersion = 1;
	classes = {
	};
	objectVersion = 46;
	objects = {

/* Begin PBXBuildFile section */
		DA4DB717640CAAD7CA728519 /* Pods_Tonsapp.framework in Frameworks */ = {isa = PBXBuildFile; fileRef = 5479EFFD427F46D008BECD95 /* Pods_Tonsapp.framework */; };
		F40FF2581DE8BD9700A40290 /* AppDelegate.swift in Sources */ = {isa = PBXBuildFile; fileRef = F40FF2571DE8BD9700A40290 /* AppDelegate.swift */; };
		F40FF25A1DE8BD9700A40290 /* SignInVC.swift in Sources */ = {isa = PBXBuildFile; fileRef = F40FF2591DE8BD9700A40290 /* SignInVC.swift */; };
		F40FF25D1DE8BD9700A40290 /* Main.storyboard in Resources */ = {isa = PBXBuildFile; fileRef = F40FF25B1DE8BD9700A40290 /* Main.storyboard */; };
		F40FF25F1DE8BD9700A40290 /* Assets.xcassets in Resources */ = {isa = PBXBuildFile; fileRef = F40FF25E1DE8BD9700A40290 /* Assets.xcassets */; };
		F40FF2621DE8BD9700A40290 /* LaunchScreen.storyboard in Resources */ = {isa = PBXBuildFile; fileRef = F40FF2601DE8BD9700A40290 /* LaunchScreen.storyboard */; };
		F40FF26A1DE8BE4100A40290 /* GoogleService-Info.plist in Resources */ = {isa = PBXBuildFile; fileRef = F40FF2691DE8BE4100A40290 /* GoogleService-Info.plist */; };
		F4195D571DEE3F6100EF2B90 /* FeedVC.swift in Sources */ = {isa = PBXBuildFile; fileRef = F4195D561DEE3F6100EF2B90 /* FeedVC.swift */; };
		F4195D591DEE4EFD00EF2B90 /* CircleView.swift in Sources */ = {isa = PBXBuildFile; fileRef = F4195D581DEE4EFD00EF2B90 /* CircleView.swift */; };
		F42888491DEF26880058A7A0 /* PostCell.swift in Sources */ = {isa = PBXBuildFile; fileRef = F42888481DEF26880058A7A0 /* PostCell.swift */; };
		F428884C1DEF33900058A7A0 /* DataService.swift in Sources */ = {isa = PBXBuildFile; fileRef = F428884B1DEF33900058A7A0 /* DataService.swift */; };
		F428884E1DEF433D0058A7A0 /* Extensions.swift in Sources */ = {isa = PBXBuildFile; fileRef = F428884D1DEF433D0058A7A0 /* Extensions.swift */; };
		F44B7EB91DECDC09004A6B50 /* FancyView.swift in Sources */ = {isa = PBXBuildFile; fileRef = F44B7EB81DECDC09004A6B50 /* FancyView.swift */; };
		F44B7EBC1DECDCAB004A6B50 /* Constants.swift in Sources */ = {isa = PBXBuildFile; fileRef = F44B7EBB1DECDCAB004A6B50 /* Constants.swift */; };
		F44B7EBE1DECDF44004A6B50 /* RoundBtn.swift in Sources */ = {isa = PBXBuildFile; fileRef = F44B7EBD1DECDF44004A6B50 /* RoundBtn.swift */; };
		F44B7EC01DECE1AC004A6B50 /* FancyField.swift in Sources */ = {isa = PBXBuildFile; fileRef = F44B7EBF1DECE1AC004A6B50 /* FancyField.swift */; };
/* End PBXBuildFile section */

/* Begin PBXFileReference section */
		5479EFFD427F46D008BECD95 /* Pods_Tonsapp.framework */ = {isa = PBXFileReference; explicitFileType = wrapper.framework; includeInIndex = 0; path = Pods_Tonsapp.framework; sourceTree = BUILT_PRODUCTS_DIR; };
		E62101E47F774A42ED52AD8C /* Pods-Tonsapp.debug.xcconfig */ = {isa = PBXFileReference; includeInIndex = 1; lastKnownFileType = text.xcconfig; name = "Pods-Tonsapp.debug.xcconfig"; path = "Pods/Target Support Files/Pods-Tonsapp/Pods-Tonsapp.debug.xcconfig"; sourceTree = "<group>"; };
		F40FF2541DE8BD9700A40290 /* Tonsapp.app */ = {isa = PBXFileReference; explicitFileType = wrapper.application; includeInIndex = 0; path = Tonsapp.app; sourceTree = BUILT_PRODUCTS_DIR; };
		F40FF2571DE8BD9700A40290 /* AppDelegate.swift */ = {isa = PBXFileReference; lastKnownFileType = sourcecode.swift; path = AppDelegate.swift; sourceTree = "<group>"; };
		F40FF2591DE8BD9700A40290 /* SignInVC.swift */ = {isa = PBXFileReference; lastKnownFileType = sourcecode.swift; path = SignInVC.swift; sourceTree = "<group>"; };
		F40FF25C1DE8BD9700A40290 /* Base */ = {isa = PBXFileReference; lastKnownFileType = file.storyboard; name = Base; path = Base.lproj/Main.storyboard; sourceTree = "<group>"; };
		F40FF25E1DE8BD9700A40290 /* Assets.xcassets */ = {isa = PBXFileReference; lastKnownFileType = folder.assetcatalog; path = Assets.xcassets; sourceTree = "<group>"; };
		F40FF2611DE8BD9700A40290 /* Base */ = {isa = PBXFileReference; lastKnownFileType = file.storyboard; name = Base; path = Base.lproj/LaunchScreen.storyboard; sourceTree = "<group>"; };
		F40FF2631DE8BD9700A40290 /* Info.plist */ = {isa = PBXFileReference; lastKnownFileType = text.plist.xml; path = Info.plist; sourceTree = "<group>"; };
		F40FF2691DE8BE4100A40290 /* GoogleService-Info.plist */ = {isa = PBXFileReference; fileEncoding = 4; lastKnownFileType = text.plist.xml; path = "GoogleService-Info.plist"; sourceTree = "<group>"; };
		F4195D561DEE3F6100EF2B90 /* FeedVC.swift */ = {isa = PBXFileReference; fileEncoding = 4; lastKnownFileType = sourcecode.swift; path = FeedVC.swift; sourceTree = "<group>"; };
		F4195D581DEE4EFD00EF2B90 /* CircleView.swift */ = {isa = PBXFileReference; fileEncoding = 4; lastKnownFileType = sourcecode.swift; path = CircleView.swift; sourceTree = "<group>"; };
		F42888481DEF26880058A7A0 /* PostCell.swift */ = {isa = PBXFileReference; fileEncoding = 4; lastKnownFileType = sourcecode.swift; path = PostCell.swift; sourceTree = "<group>"; };
		F428884B1DEF33900058A7A0 /* DataService.swift */ = {isa = PBXFileReference; fileEncoding = 4; lastKnownFileType = sourcecode.swift; path = DataService.swift; sourceTree = "<group>"; };
		F428884D1DEF433D0058A7A0 /* Extensions.swift */ = {isa = PBXFileReference; fileEncoding = 4; lastKnownFileType = sourcecode.swift; path = Extensions.swift; sourceTree = "<group>"; };
		F44B7EB81DECDC09004A6B50 /* FancyView.swift */ = {isa = PBXFileReference; fileEncoding = 4; lastKnownFileType = sourcecode.swift; path = FancyView.swift; sourceTree = "<group>"; };
		F44B7EBB1DECDCAB004A6B50 /* Constants.swift */ = {isa = PBXFileReference; fileEncoding = 4; lastKnownFileType = sourcecode.swift; path = Constants.swift; sourceTree = "<group>"; };
		F44B7EBD1DECDF44004A6B50 /* RoundBtn.swift */ = {isa = PBXFileReference; fileEncoding = 4; lastKnownFileType = sourcecode.swift; path = RoundBtn.swift; sourceTree = "<group>"; };
		F44B7EBF1DECE1AC004A6B50 /* FancyField.swift */ = {isa = PBXFileReference; fileEncoding = 4; lastKnownFileType = sourcecode.swift; path = FancyField.swift; sourceTree = "<group>"; };
		F48C0B851DED0279004A0644 /* Tonsapp.entitlements */ = {isa = PBXFileReference; lastKnownFileType = text.plist.entitlements; path = Tonsapp.entitlements; sourceTree = "<group>"; };
		F98CFAF8B4506B886CA30836 /* Pods-Tonsapp.release.xcconfig */ = {isa = PBXFileReference; includeInIndex = 1; lastKnownFileType = text.xcconfig; name = "Pods-Tonsapp.release.xcconfig"; path = "Pods/Target Support Files/Pods-Tonsapp/Pods-Tonsapp.release.xcconfig"; sourceTree = "<group>"; };
/* End PBXFileReference section */

/* Begin PBXFrameworksBuildPhase section */
		F40FF2511DE8BD9700A40290 /* Frameworks */ = {
			isa = PBXFrameworksBuildPhase;
			buildActionMask = 2147483647;
			files = (
				DA4DB717640CAAD7CA728519 /* Pods_Tonsapp.framework in Frameworks */,
			);
			runOnlyForDeploymentPostprocessing = 0;
		};
/* End PBXFrameworksBuildPhase section */

/* Begin PBXGroup section */
		455A016172340DC724545FFF /* Pods */ = {
			isa = PBXGroup;
			children = (
				E62101E47F774A42ED52AD8C /* Pods-Tonsapp.debug.xcconfig */,
				F98CFAF8B4506B886CA30836 /* Pods-Tonsapp.release.xcconfig */,
			);
			name = Pods;
			sourceTree = "<group>";
		};
		57263C4856CDB19E65F43620 /* Frameworks */ = {
			isa = PBXGroup;
			children = (
				5479EFFD427F46D008BECD95 /* Pods_Tonsapp.framework */,
			);
			name = Frameworks;
			sourceTree = "<group>";
		};
		F40FF24B1DE8BD9700A40290 = {
			isa = PBXGroup;
			children = (
				F40FF2561DE8BD9700A40290 /* Tonsapp */,
				F40FF2551DE8BD9700A40290 /* Products */,
				455A016172340DC724545FFF /* Pods */,
				57263C4856CDB19E65F43620 /* Frameworks */,
			);
			sourceTree = "<group>";
		};
		F40FF2551DE8BD9700A40290 /* Products */ = {
			isa = PBXGroup;
			children = (
				F40FF2541DE8BD9700A40290 /* Tonsapp.app */,
			);
			name = Products;
			sourceTree = "<group>";
		};
		F40FF2561DE8BD9700A40290 /* Tonsapp */ = {
			isa = PBXGroup;
			children = (
				F428884A1DEF337E0058A7A0 /* Services */,
				F48C0B851DED0279004A0644 /* Tonsapp.entitlements */,
				F44B7EBA1DECDC9C004A6B50 /* Util */,
				F45F2CB01DE8C08400BFA9BD /* Model */,
				F45F2CB11DE8C08B00BFA9BD /* View */,
				F45F2CB21DE8C09100BFA9BD /* Controller */,
				F40FF2571DE8BD9700A40290 /* AppDelegate.swift */,
				F40FF25B1DE8BD9700A40290 /* Main.storyboard */,
				F40FF25E1DE8BD9700A40290 /* Assets.xcassets */,
				F40FF2601DE8BD9700A40290 /* LaunchScreen.storyboard */,
				F40FF2691DE8BE4100A40290 /* GoogleService-Info.plist */,
				F40FF2631DE8BD9700A40290 /* Info.plist */,
			);
			path = Tonsapp;
			sourceTree = "<group>";
		};
		F428884A1DEF337E0058A7A0 /* Services */ = {
			isa = PBXGroup;
			children = (
				F428884B1DEF33900058A7A0 /* DataService.swift */,
			);
			name = Services;
			sourceTree = "<group>";
		};
		F44B7EBA1DECDC9C004A6B50 /* Util */ = {
			isa = PBXGroup;
			children = (
				F44B7EBB1DECDCAB004A6B50 /* Constants.swift */,
				F428884D1DEF433D0058A7A0 /* Extensions.swift */,
			);
			name = Util;
			sourceTree = "<group>";
		};
		F45F2CB01DE8C08400BFA9BD /* Model */ = {
			isa = PBXGroup;
			children = (
			);
			name = Model;
			sourceTree = "<group>";
		};
		F45F2CB11DE8C08B00BFA9BD /* View */ = {
			isa = PBXGroup;
			children = (
				F44B7EB81DECDC09004A6B50 /* FancyView.swift */,
				F44B7EBD1DECDF44004A6B50 /* RoundBtn.swift */,
				F44B7EBF1DECE1AC004A6B50 /* FancyField.swift */,
				F4195D581DEE4EFD00EF2B90 /* CircleView.swift */,
				F42888481DEF26880058A7A0 /* PostCell.swift */,
			);
			name = View;
			sourceTree = "<group>";
		};
		F45F2CB21DE8C09100BFA9BD /* Controller */ = {
			isa = PBXGroup;
			children = (
				F40FF2591DE8BD9700A40290 /* SignInVC.swift */,
				F4195D561DEE3F6100EF2B90 /* FeedVC.swift */,
			);
			name = Controller;
			sourceTree = "<group>";
		};
/* End PBXGroup section */

/* Begin PBXNativeTarget section */
		F40FF2531DE8BD9700A40290 /* Tonsapp */ = {
			isa = PBXNativeTarget;
			buildConfigurationList = F40FF2661DE8BD9700A40290 /* Build configuration list for PBXNativeTarget "Tonsapp" */;
			buildPhases = (
				6239D99E228C26D8CBA8705A /* [CP] Check Pods Manifest.lock */,
				F40FF2501DE8BD9700A40290 /* Sources */,
				F40FF2511DE8BD9700A40290 /* Frameworks */,
				F40FF2521DE8BD9700A40290 /* Resources */,
				CC7BE98A956AC00FF2B1E5F2 /* [CP] Embed Pods Frameworks */,
				F0ABF5E497C6F1AD0B5AFA17 /* [CP] Copy Pods Resources */,
			);
			buildRules = (
			);
			dependencies = (
			);
			name = Tonsapp;
			productName = Tonsapp;
			productReference = F40FF2541DE8BD9700A40290 /* Tonsapp.app */;
			productType = "com.apple.product-type.application";
		};
/* End PBXNativeTarget section */

/* Begin PBXProject section */
		F40FF24C1DE8BD9700A40290 /* Project object */ = {
			isa = PBXProject;
			attributes = {
				LastSwiftUpdateCheck = 0810;
				LastUpgradeCheck = 0810;
				ORGANIZATIONNAME = Hilevelsoft;
				TargetAttributes = {
					F40FF2531DE8BD9700A40290 = {
						CreatedOnToolsVersion = 8.1;
						DevelopmentTeam = GWH346HETV;
						ProvisioningStyle = Automatic;
						SystemCapabilities = {
							com.apple.Keychain = {
								enabled = 1;
							};
						};
					};
				};
			};
			buildConfigurationList = F40FF24F1DE8BD9700A40290 /* Build configuration list for PBXProject "Tonsapp" */;
			compatibilityVersion = "Xcode 3.2";
			developmentRegion = English;
			hasScannedForEncodings = 0;
			knownRegions = (
				en,
				Base,
			);
			mainGroup = F40FF24B1DE8BD9700A40290;
			productRefGroup = F40FF2551DE8BD9700A40290 /* Products */;
			projectDirPath = "";
			projectRoot = "";
			targets = (
				F40FF2531DE8BD9700A40290 /* Tonsapp */,
			);
		};
/* End PBXProject section */

/* Begin PBXResourcesBuildPhase section */
		F40FF2521DE8BD9700A40290 /* Resources */ = {
			isa = PBXResourcesBuildPhase;
			buildActionMask = 2147483647;
			files = (
				F40FF2621DE8BD9700A40290 /* LaunchScreen.storyboard in Resources */,
				F40FF26A1DE8BE4100A40290 /* GoogleService-Info.plist in Resources */,
				F40FF25F1DE8BD9700A40290 /* Assets.xcassets in Resources */,
				F40FF25D1DE8BD9700A40290 /* Main.storyboard in Resources */,
			);
			runOnlyForDeploymentPostprocessing = 0;
		};
/* End PBXResourcesBuildPhase section */

/* Begin PBXShellScriptBuildPhase section */
		6239D99E228C26D8CBA8705A /* [CP] Check Pods Manifest.lock */ = {
			isa = PBXShellScriptBuildPhase;
			buildActionMask = 2147483647;
			files = (
			);
			inputPaths = (
			);
			name = "[CP] Check Pods Manifest.lock";
			outputPaths = (
			);
			runOnlyForDeploymentPostprocessing = 0;
			shellPath = /bin/sh;
			shellScript = "diff \"${PODS_ROOT}/../Podfile.lock\" \"${PODS_ROOT}/Manifest.lock\" > /dev/null\nif [ $? != 0 ] ; then\n    # print error to STDERR\n    echo \"error: The sandbox is not in sync with the Podfile.lock. Run 'pod install' or update your CocoaPods installation.\" >&2\n    exit 1\nfi\n";
			showEnvVarsInLog = 0;
		};
		CC7BE98A956AC00FF2B1E5F2 /* [CP] Embed Pods Frameworks */ = {
			isa = PBXShellScriptBuildPhase;
			buildActionMask = 2147483647;
			files = (
			);
			inputPaths = (
			);
			name = "[CP] Embed Pods Frameworks";
			outputPaths = (
			);
			runOnlyForDeploymentPostprocessing = 0;
			shellPath = /bin/sh;
			shellScript = "\"${SRCROOT}/Pods/Target Support Files/Pods-Tonsapp/Pods-Tonsapp-frameworks.sh\"\n";
			showEnvVarsInLog = 0;
		};
		F0ABF5E497C6F1AD0B5AFA17 /* [CP] Copy Pods Resources */ = {
			isa = PBXShellScriptBuildPhase;
			buildActionMask = 2147483647;
			files = (
			);
			inputPaths = (
			);
			name = "[CP] Copy Pods Resources";
			outputPaths = (
			);
			runOnlyForDeploymentPostprocessing = 0;
			shellPath = /bin/sh;
			shellScript = "\"${SRCROOT}/Pods/Target Support Files/Pods-Tonsapp/Pods-Tonsapp-resources.sh\"\n";
			showEnvVarsInLog = 0;
		};
/* End PBXShellScriptBuildPhase section */

/* Begin PBXSourcesBuildPhase section */
		F40FF2501DE8BD9700A40290 /* Sources */ = {
			isa = PBXSourcesBuildPhase;
			buildActionMask = 2147483647;
			files = (
				F4195D591DEE4EFD00EF2B90 /* CircleView.swift in Sources */,
				F44B7EC01DECE1AC004A6B50 /* FancyField.swift in Sources */,
				F4195D571DEE3F6100EF2B90 /* FeedVC.swift in Sources */,
				F40FF25A1DE8BD9700A40290 /* SignInVC.swift in Sources */,
				F44B7EBE1DECDF44004A6B50 /* RoundBtn.swift in Sources */,
				F42888491DEF26880058A7A0 /* PostCell.swift in Sources */,
				F40FF2581DE8BD9700A40290 /* AppDelegate.swift in Sources */,
				F44B7EB91DECDC09004A6B50 /* FancyView.swift in Sources */,
				F44B7EBC1DECDCAB004A6B50 /* Constants.swift in Sources */,
				F428884E1DEF433D0058A7A0 /* Extensions.swift in Sources */,
				F428884C1DEF33900058A7A0 /* DataService.swift in Sources */,
			);
			runOnlyForDeploymentPostprocessing = 0;
		};
/* End PBXSourcesBuildPhase section */

/* Begin PBXVariantGroup section */
		F40FF25B1DE8BD9700A40290 /* Main.storyboard */ = {
			isa = PBXVariantGroup;
			children = (
				F40FF25C1DE8BD9700A40290 /* Base */,
			);
			name = Main.storyboard;
			sourceTree = "<group>";
		};
		F40FF2601DE8BD9700A40290 /* LaunchScreen.storyboard */ = {
			isa = PBXVariantGroup;
			children = (
				F40FF2611DE8BD9700A40290 /* Base */,
			);
			name = LaunchScreen.storyboard;
			sourceTree = "<group>";
		};
/* End PBXVariantGroup section */

/* Begin XCBuildConfiguration section */
		F40FF2641DE8BD9700A40290 /* Debug */ = {
			isa = XCBuildConfiguration;
			buildSettings = {
				ALWAYS_SEARCH_USER_PATHS = NO;
				CLANG_ANALYZER_NONNULL = YES;
				CLANG_CXX_LANGUAGE_STANDARD = "gnu++0x";
				CLANG_CXX_LIBRARY = "libc++";
				CLANG_ENABLE_MODULES = YES;
				CLANG_ENABLE_OBJC_ARC = YES;
				CLANG_WARN_BOOL_CONVERSION = YES;
				CLANG_WARN_CONSTANT_CONVERSION = YES;
				CLANG_WARN_DIRECT_OBJC_ISA_USAGE = YES_ERROR;
				CLANG_WARN_DOCUMENTATION_COMMENTS = YES;
				CLANG_WARN_EMPTY_BODY = YES;
				CLANG_WARN_ENUM_CONVERSION = YES;
				CLANG_WARN_INFINITE_RECURSION = YES;
				CLANG_WARN_INT_CONVERSION = YES;
				CLANG_WARN_OBJC_ROOT_CLASS = YES_ERROR;
				CLANG_WARN_SUSPICIOUS_MOVES = YES;
				CLANG_WARN_UNREACHABLE_CODE = YES;
				CLANG_WARN__DUPLICATE_METHOD_MATCH = YES;
				"CODE_SIGN_IDENTITY[sdk=iphoneos*]" = "iPhone Developer";
				COPY_PHASE_STRIP = NO;
				DEBUG_INFORMATION_FORMAT = dwarf;
				ENABLE_STRICT_OBJC_MSGSEND = YES;
				ENABLE_TESTABILITY = YES;
				GCC_C_LANGUAGE_STANDARD = gnu99;
				GCC_DYNAMIC_NO_PIC = NO;
				GCC_NO_COMMON_BLOCKS = YES;
				GCC_OPTIMIZATION_LEVEL = 0;
				GCC_PREPROCESSOR_DEFINITIONS = (
					"DEBUG=1",
					"$(inherited)",
				);
				GCC_WARN_64_TO_32_BIT_CONVERSION = YES;
				GCC_WARN_ABOUT_RETURN_TYPE = YES_ERROR;
				GCC_WARN_UNDECLARED_SELECTOR = YES;
				GCC_WARN_UNINITIALIZED_AUTOS = YES_AGGRESSIVE;
				GCC_WARN_UNUSED_FUNCTION = YES;
				GCC_WARN_UNUSED_VARIABLE = YES;
				IPHONEOS_DEPLOYMENT_TARGET = 10.1;
				MTL_ENABLE_DEBUG_INFO = YES;
				ONLY_ACTIVE_ARCH = YES;
				SDKROOT = iphoneos;
				SWIFT_ACTIVE_COMPILATION_CONDITIONS = DEBUG;
				SWIFT_OPTIMIZATION_LEVEL = "-Onone";
				TARGETED_DEVICE_FAMILY = "1,2";
			};
			name = Debug;
		};
		F40FF2651DE8BD9700A40290 /* Release */ = {
			isa = XCBuildConfiguration;
			buildSettings = {
				ALWAYS_SEARCH_USER_PATHS = NO;
				CLANG_ANALYZER_NONNULL = YES;
				CLANG_CXX_LANGUAGE_STANDARD = "gnu++0x";
				CLANG_CXX_LIBRARY = "libc++";
				CLANG_ENABLE_MODULES = YES;
				CLANG_ENABLE_OBJC_ARC = YES;
				CLANG_WARN_BOOL_CONVERSION = YES;
				CLANG_WARN_CONSTANT_CONVERSION = YES;
				CLANG_WARN_DIRECT_OBJC_ISA_USAGE = YES_ERROR;
				CLANG_WARN_DOCUMENTATION_COMMENTS = YES;
				CLANG_WARN_EMPTY_BODY = YES;
				CLANG_WARN_ENUM_CONVERSION = YES;
				CLANG_WARN_INFINITE_RECURSION = YES;
				CLANG_WARN_INT_CONVERSION = YES;
				CLANG_WARN_OBJC_ROOT_CLASS = YES_ERROR;
				CLANG_WARN_SUSPICIOUS_MOVES = YES;
				CLANG_WARN_UNREACHABLE_CODE = YES;
				CLANG_WARN__DUPLICATE_METHOD_MATCH = YES;
				"CODE_SIGN_IDENTITY[sdk=iphoneos*]" = "iPhone Developer";
				COPY_PHASE_STRIP = NO;
				DEBUG_INFORMATION_FORMAT = "dwarf-with-dsym";
				ENABLE_NS_ASSERTIONS = NO;
				ENABLE_STRICT_OBJC_MSGSEND = YES;
				GCC_C_LANGUAGE_STANDARD = gnu99;
				GCC_NO_COMMON_BLOCKS = YES;
				GCC_WARN_64_TO_32_BIT_CONVERSION = YES;
				GCC_WARN_ABOUT_RETURN_TYPE = YES_ERROR;
				GCC_WARN_UNDECLARED_SELECTOR = YES;
				GCC_WARN_UNINITIALIZED_AUTOS = YES_AGGRESSIVE;
				GCC_WARN_UNUSED_FUNCTION = YES;
				GCC_WARN_UNUSED_VARIABLE = YES;
				IPHONEOS_DEPLOYMENT_TARGET = 10.1;
				MTL_ENABLE_DEBUG_INFO = NO;
				SDKROOT = iphoneos;
				SWIFT_OPTIMIZATION_LEVEL = "-Owholemodule";
				TARGETED_DEVICE_FAMILY = "1,2";
				VALIDATE_PRODUCT = YES;
			};
			name = Release;
		};
		F40FF2671DE8BD9700A40290 /* Debug */ = {
			isa = XCBuildConfiguration;
			baseConfigurationReference = E62101E47F774A42ED52AD8C /* Pods-Tonsapp.debug.xcconfig */;
			buildSettings = {
				ASSETCATALOG_COMPILER_APPICON_NAME = AppIcon;
				CODE_SIGN_ENTITLEMENTS = Tonsapp/Tonsapp.entitlements;
				DEVELOPMENT_TEAM = GWH346HETV;
				INFOPLIST_FILE = Tonsapp/Info.plist;
				LD_RUNPATH_SEARCH_PATHS = "$(inherited) @executable_path/Frameworks";
				PRODUCT_BUNDLE_IDENTIFIER = com.hilevelsoft.Tonsapp;
				PRODUCT_NAME = "$(TARGET_NAME)";
				SWIFT_VERSION = 3.0;
			};
			name = Debug;
		};
		F40FF2681DE8BD9700A40290 /* Release */ = {
			isa = XCBuildConfiguration;
			baseConfigurationReference = F98CFAF8B4506B886CA30836 /* Pods-Tonsapp.release.xcconfig */;
			buildSettings = {
				ASSETCATALOG_COMPILER_APPICON_NAME = AppIcon;
				CODE_SIGN_ENTITLEMENTS = Tonsapp/Tonsapp.entitlements;
				DEVELOPMENT_TEAM = GWH346HETV;
				INFOPLIST_FILE = Tonsapp/Info.plist;
				LD_RUNPATH_SEARCH_PATHS = "$(inherited) @executable_path/Frameworks";
				PRODUCT_BUNDLE_IDENTIFIER = com.hilevelsoft.Tonsapp;
				PRODUCT_NAME = "$(TARGET_NAME)";
				SWIFT_VERSION = 3.0;
			};
			name = Release;
		};
/* End XCBuildConfiguration section */

/* Begin XCConfigurationList section */
		F40FF24F1DE8BD9700A40290 /* Build configuration list for PBXProject "Tonsapp" */ = {
			isa = XCConfigurationList;
			buildConfigurations = (
				F40FF2641DE8BD9700A40290 /* Debug */,
				F40FF2651DE8BD9700A40290 /* Release */,
			);
			defaultConfigurationIsVisible = 0;
			defaultConfigurationName = Release;
		};
		F40FF2661DE8BD9700A40290 /* Build configuration list for PBXNativeTarget "Tonsapp" */ = {
			isa = XCConfigurationList;
			buildConfigurations = (
				F40FF2671DE8BD9700A40290 /* Debug */,
				F40FF2681DE8BD9700A40290 /* Release */,
			);
			defaultConfigurationIsVisible = 0;
			defaultConfigurationName = Release;
		};
/* End XCConfigurationList section */
	};
	rootObject = F40FF24C1DE8BD9700A40290 /* Project object */;
}
